
Microsoft Visual Studio Solution File, Format Version 12.00
# Visual Studio Version 17
VisualStudioVersion = 17.9.34607.119
MinimumVisualStudioVersion = 10.0.40219.1
Project("{9A19103F-16F7-4668-BE54-9A1E7A4F7556}") = "TaskManagement", "TaskManagement\TaskManagement.csproj", "{FCAFF9B1-E750-480B-A744-CD4D8D251708}"
EndProject
Project("{FAE04EC0-301F-11D3-BF4B-00C04F79EFBC}") = "TaskManagementTest", "TaskManagementTest\TaskManagementTest.csproj", "{6D24B743-4427-42FB-A448-FA0BB6E05BF4}"
EndProject
Global
	GlobalSection(SolutionConfigurationPlatforms) = preSolution
		Debug|Any CPU = Debug|Any CPU
		Release|Any CPU = Release|Any CPU
	EndGlobalSection
	GlobalSection(ProjectConfigurationPlatforms) = postSolution
		{FCAFF9B1-E750-480B-A744-CD4D8D251708}.Debug|Any CPU.ActiveCfg = Debug|Any CPU
		{FCAFF9B1-E750-480B-A744-CD4D8D251708}.Debug|Any CPU.Build.0 = Debug|Any CPU
		{FCAFF9B1-E750-480B-A744-CD4D8D251708}.Release|Any CPU.ActiveCfg = Release|Any CPU
		{FCAFF9B1-E750-480B-A744-CD4D8D251708}.Release|Any CPU.Build.0 = Release|Any CPU
		{6D24B743-4427-42FB-A448-FA0BB6E05BF4}.Debug|Any CPU.ActiveCfg = Debug|Any CPU
		{6D24B743-4427-42FB-A448-FA0BB6E05BF4}.Debug|Any CPU.Build.0 = Debug|Any CPU
		{6D24B743-4427-42FB-A448-FA0BB6E05BF4}.Release|Any CPU.ActiveCfg = Release|Any CPU
		{6D24B743-4427-42FB-A448-FA0BB6E05BF4}.Release|Any CPU.Build.0 = Release|Any CPU
	EndGlobalSection
	GlobalSection(SolutionProperties) = preSolution
		HideSolutionNode = FALSE
	EndGlobalSection
	GlobalSection(ExtensibilityGlobals) = postSolution
		SolutionGuid = {092638FB-8CE0-46FE-84D1-8E15EC2D3E56}
	EndGlobalSection
EndGlobal
